
Microsoft Visual Studio Solution File, Format Version 12.00
# Visual Studio Version 16
VisualStudioVersion = 16.0.29403.142
MinimumVisualStudioVersion = 10.0.40219.1
Project("{9A19103F-16F7-4668-BE54-9A1E7A4F7556}") = "DZ0501AndreyMatveew", "DZ0501AndreyMatveew.csproj", "{00B0CD9D-9492-4CD5-9C3A-AFE8C92AAA84}"
EndProject
Project("{9A19103F-16F7-4668-BE54-9A1E7A4F7556}") = "DZ0502AndreyMatveew", "..\DZ0502AndreyMatveew\DZ0502AndreyMatveew.csproj", "{8A788CA5-B94A-4C65-9BEF-00284C05A9FC}"
EndProject
Project("{FAE04EC0-301F-11D3-BF4B-00C04F79EFBC}") = "DZ0503AndreyMatveew", "..\DZ0503AndreyMatveew\DZ0503AndreyMatveew.csproj", "{E7262DC2-31FE-495D-A9C2-9C53DA15C94F}"
EndProject
Project("{FAE04EC0-301F-11D3-BF4B-00C04F79EFBC}") = "DZ0504AndreyMatveew", "..\DZ0504AndreyMatveew\DZ0504AndreyMatveew.csproj", "{DFE22094-AC8B-4D3A-8BA8-AA9CA00D3435}"
EndProject
Global
	GlobalSection(SolutionConfigurationPlatforms) = preSolution
		Debug|Any CPU = Debug|Any CPU
		Release|Any CPU = Release|Any CPU
	EndGlobalSection
	GlobalSection(ProjectConfigurationPlatforms) = postSolution
		{00B0CD9D-9492-4CD5-9C3A-AFE8C92AAA84}.Debug|Any CPU.ActiveCfg = Debug|Any CPU
		{00B0CD9D-9492-4CD5-9C3A-AFE8C92AAA84}.Debug|Any CPU.Build.0 = Debug|Any CPU
		{00B0CD9D-9492-4CD5-9C3A-AFE8C92AAA84}.Release|Any CPU.ActiveCfg = Release|Any CPU
		{00B0CD9D-9492-4CD5-9C3A-AFE8C92AAA84}.Release|Any CPU.Build.0 = Release|Any CPU
		{8A788CA5-B94A-4C65-9BEF-00284C05A9FC}.Debug|Any CPU.ActiveCfg = Debug|Any CPU
		{8A788CA5-B94A-4C65-9BEF-00284C05A9FC}.Debug|Any CPU.Build.0 = Debug|Any CPU
		{8A788CA5-B94A-4C65-9BEF-00284C05A9FC}.Release|Any CPU.ActiveCfg = Release|Any CPU
		{8A788CA5-B94A-4C65-9BEF-00284C05A9FC}.Release|Any CPU.Build.0 = Release|Any CPU
		{E7262DC2-31FE-495D-A9C2-9C53DA15C94F}.Debug|Any CPU.ActiveCfg = Debug|Any CPU
		{E7262DC2-31FE-495D-A9C2-9C53DA15C94F}.Debug|Any CPU.Build.0 = Debug|Any CPU
		{E7262DC2-31FE-495D-A9C2-9C53DA15C94F}.Release|Any CPU.ActiveCfg = Release|Any CPU
		{E7262DC2-31FE-495D-A9C2-9C53DA15C94F}.Release|Any CPU.Build.0 = Release|Any CPU
		{DFE22094-AC8B-4D3A-8BA8-AA9CA00D3435}.Debug|Any CPU.ActiveCfg = Debug|Any CPU
		{DFE22094-AC8B-4D3A-8BA8-AA9CA00D3435}.Debug|Any CPU.Build.0 = Debug|Any CPU
		{DFE22094-AC8B-4D3A-8BA8-AA9CA00D3435}.Release|Any CPU.ActiveCfg = Release|Any CPU
		{DFE22094-AC8B-4D3A-8BA8-AA9CA00D3435}.Release|Any CPU.Build.0 = Release|Any CPU
	EndGlobalSection
	GlobalSection(SolutionProperties) = preSolution
		HideSolutionNode = FALSE
	EndGlobalSection
	GlobalSection(ExtensibilityGlobals) = postSolution
		SolutionGuid = {D1253D88-7E88-4032-89A1-55DF70FD9419}
	EndGlobalSection
EndGlobal
